// !$*UTF8*$!
{
	archiveVersion = 1;
	classes = {
	};
	objectVersion = 46;
	objects = {

/* Begin PBXBuildFile section */
		1D57CEE41E033B3100D29B7E /* User.swift in Sources */ = {isa = PBXBuildFile; fileRef = 1D57CEE31E033B3100D29B7E /* User.swift */; };
		1D57CEE61E033FE400D29B7E /* UserManager.swift in Sources */ = {isa = PBXBuildFile; fileRef = 1D57CEE51E033FE400D29B7E /* UserManager.swift */; };
		1D57CEE81E034CBD00D29B7E /* UserDashboardViewController.swift in Sources */ = {isa = PBXBuildFile; fileRef = 1D57CEE71E034CBD00D29B7E /* UserDashboardViewController.swift */; };
		1D57CEEA1E034F6700D29B7E /* FirstTimeUserViewController.swift in Sources */ = {isa = PBXBuildFile; fileRef = 1D57CEE91E034F6700D29B7E /* FirstTimeUserViewController.swift */; };
		1D8D55611E047D4C00EAB3A0 /* LoginStart.storyboard in Resources */ = {isa = PBXBuildFile; fileRef = 1D8D55601E047D4C00EAB3A0 /* LoginStart.storyboard */; };
		1D8D55641E047E8300EAB3A0 /* User.storyboard in Resources */ = {isa = PBXBuildFile; fileRef = 1D8D55631E047E8300EAB3A0 /* User.storyboard */; };
		1DEB3FF31E030618008BE0B7 /* AppDelegate.swift in Sources */ = {isa = PBXBuildFile; fileRef = 1DEB3FF21E030618008BE0B7 /* AppDelegate.swift */; };
		1DEB3FF51E030618008BE0B7 /* LoginViewController.swift in Sources */ = {isa = PBXBuildFile; fileRef = 1DEB3FF41E030618008BE0B7 /* LoginViewController.swift */; };
		1DEB3FF81E030618008BE0B7 /* Main.storyboard in Resources */ = {isa = PBXBuildFile; fileRef = 1DEB3FF61E030618008BE0B7 /* Main.storyboard */; };
		1DEB3FFB1E030618008BE0B7 /* rizzle.xcdatamodeld in Sources */ = {isa = PBXBuildFile; fileRef = 1DEB3FF91E030618008BE0B7 /* rizzle.xcdatamodeld */; };
		1DEB3FFD1E030618008BE0B7 /* Assets.xcassets in Resources */ = {isa = PBXBuildFile; fileRef = 1DEB3FFC1E030618008BE0B7 /* Assets.xcassets */; };
		1DEB40001E030618008BE0B7 /* LaunchScreen.storyboard in Resources */ = {isa = PBXBuildFile; fileRef = 1DEB3FFE1E030618008BE0B7 /* LaunchScreen.storyboard */; };
		1DEB400B1E030618008BE0B7 /* rizzleTests.swift in Sources */ = {isa = PBXBuildFile; fileRef = 1DEB400A1E030618008BE0B7 /* rizzleTests.swift */; };
		65512EE1603948A457F8B37E /* Pods_rizzleTests.framework in Frameworks */ = {isa = PBXBuildFile; fileRef = 81DAC87259A91C81BC88BD07 /* Pods_rizzleTests.framework */; };
		7F6EEEDA6F9911EF0DCD38EC /* Pods_rizzle.framework in Frameworks */ = {isa = PBXBuildFile; fileRef = AFC99776E99BD4D3F81B7E56 /* Pods_rizzle.framework */; };
/* End PBXBuildFile section */

/* Begin PBXContainerItemProxy section */
		1DEB40071E030618008BE0B7 /* PBXContainerItemProxy */ = {
			isa = PBXContainerItemProxy;
			containerPortal = 1DEB3FE71E030618008BE0B7 /* Project object */;
			proxyType = 1;
			remoteGlobalIDString = 1DEB3FEE1E030618008BE0B7;
			remoteInfo = rizzle;
		};
/* End PBXContainerItemProxy section */

/* Begin PBXFileReference section */
		1D57CEE31E033B3100D29B7E /* User.swift */ = {isa = PBXFileReference; fileEncoding = 4; lastKnownFileType = sourcecode.swift; path = User.swift; sourceTree = "<group>"; };
		1D57CEE51E033FE400D29B7E /* UserManager.swift */ = {isa = PBXFileReference; fileEncoding = 4; lastKnownFileType = sourcecode.swift; path = UserManager.swift; sourceTree = "<group>"; };
		1D57CEE71E034CBD00D29B7E /* UserDashboardViewController.swift */ = {isa = PBXFileReference; fileEncoding = 4; lastKnownFileType = sourcecode.swift; path = UserDashboardViewController.swift; sourceTree = "<group>"; };
		1D57CEE91E034F6700D29B7E /* FirstTimeUserViewController.swift */ = {isa = PBXFileReference; fileEncoding = 4; lastKnownFileType = sourcecode.swift; path = FirstTimeUserViewController.swift; sourceTree = "<group>"; };
		1D8D55601E047D4C00EAB3A0 /* LoginStart.storyboard */ = {isa = PBXFileReference; fileEncoding = 4; lastKnownFileType = file.storyboard; path = LoginStart.storyboard; sourceTree = "<group>"; };
		1D8D55631E047E8300EAB3A0 /* User.storyboard */ = {isa = PBXFileReference; fileEncoding = 4; lastKnownFileType = file.storyboard; path = User.storyboard; sourceTree = "<group>"; };
		1DEB3FEF1E030618008BE0B7 /* rizzle.app */ = {isa = PBXFileReference; explicitFileType = wrapper.application; includeInIndex = 0; path = rizzle.app; sourceTree = BUILT_PRODUCTS_DIR; };
		1DEB3FF21E030618008BE0B7 /* AppDelegate.swift */ = {isa = PBXFileReference; lastKnownFileType = sourcecode.swift; path = AppDelegate.swift; sourceTree = "<group>"; };
		1DEB3FF41E030618008BE0B7 /* LoginViewController.swift */ = {isa = PBXFileReference; lastKnownFileType = sourcecode.swift; path = LoginViewController.swift; sourceTree = "<group>"; };
		1DEB3FF71E030618008BE0B7 /* Base */ = {isa = PBXFileReference; lastKnownFileType = file.storyboard; name = Base; path = Base.lproj/Main.storyboard; sourceTree = "<group>"; };
		1DEB3FFA1E030618008BE0B7 /* rizzle.xcdatamodel */ = {isa = PBXFileReference; lastKnownFileType = wrapper.xcdatamodel; path = rizzle.xcdatamodel; sourceTree = "<group>"; };
		1DEB3FFC1E030618008BE0B7 /* Assets.xcassets */ = {isa = PBXFileReference; lastKnownFileType = folder.assetcatalog; path = Assets.xcassets; sourceTree = "<group>"; };
		1DEB3FFF1E030618008BE0B7 /* Base */ = {isa = PBXFileReference; lastKnownFileType = file.storyboard; name = Base; path = Base.lproj/LaunchScreen.storyboard; sourceTree = "<group>"; };
		1DEB40011E030618008BE0B7 /* Info.plist */ = {isa = PBXFileReference; lastKnownFileType = text.plist.xml; path = Info.plist; sourceTree = "<group>"; };
		1DEB40061E030618008BE0B7 /* rizzleTests.xctest */ = {isa = PBXFileReference; explicitFileType = wrapper.cfbundle; includeInIndex = 0; path = rizzleTests.xctest; sourceTree = BUILT_PRODUCTS_DIR; };
		1DEB400A1E030618008BE0B7 /* rizzleTests.swift */ = {isa = PBXFileReference; lastKnownFileType = sourcecode.swift; path = rizzleTests.swift; sourceTree = "<group>"; };
		1DEB400C1E030618008BE0B7 /* Info.plist */ = {isa = PBXFileReference; lastKnownFileType = text.plist.xml; path = Info.plist; sourceTree = "<group>"; };
		312A8E9180D6FDC745619B27 /* Pods-rizzleTests.release.xcconfig */ = {isa = PBXFileReference; includeInIndex = 1; lastKnownFileType = text.xcconfig; name = "Pods-rizzleTests.release.xcconfig"; path = "Pods/Target Support Files/Pods-rizzleTests/Pods-rizzleTests.release.xcconfig"; sourceTree = "<group>"; };
		81DAC87259A91C81BC88BD07 /* Pods_rizzleTests.framework */ = {isa = PBXFileReference; explicitFileType = wrapper.framework; includeInIndex = 0; path = Pods_rizzleTests.framework; sourceTree = BUILT_PRODUCTS_DIR; };
		8734F78F914DA0D2BC0BD0A5 /* Pods-rizzle.debug.xcconfig */ = {isa = PBXFileReference; includeInIndex = 1; lastKnownFileType = text.xcconfig; name = "Pods-rizzle.debug.xcconfig"; path = "Pods/Target Support Files/Pods-rizzle/Pods-rizzle.debug.xcconfig"; sourceTree = "<group>"; };
		A41D9F2620614F6F7567B309 /* Pods-rizzleTests.debug.xcconfig */ = {isa = PBXFileReference; includeInIndex = 1; lastKnownFileType = text.xcconfig; name = "Pods-rizzleTests.debug.xcconfig"; path = "Pods/Target Support Files/Pods-rizzleTests/Pods-rizzleTests.debug.xcconfig"; sourceTree = "<group>"; };
		AFC99776E99BD4D3F81B7E56 /* Pods_rizzle.framework */ = {isa = PBXFileReference; explicitFileType = wrapper.framework; includeInIndex = 0; path = Pods_rizzle.framework; sourceTree = BUILT_PRODUCTS_DIR; };
		F29E7A163C7CCFBE4820DFEB /* Pods-rizzle.release.xcconfig */ = {isa = PBXFileReference; includeInIndex = 1; lastKnownFileType = text.xcconfig; name = "Pods-rizzle.release.xcconfig"; path = "Pods/Target Support Files/Pods-rizzle/Pods-rizzle.release.xcconfig"; sourceTree = "<group>"; };
/* End PBXFileReference section */

/* Begin PBXFrameworksBuildPhase section */
		1DEB3FEC1E030618008BE0B7 /* Frameworks */ = {
			isa = PBXFrameworksBuildPhase;
			buildActionMask = 2147483647;
			files = (
				7F6EEEDA6F9911EF0DCD38EC /* Pods_rizzle.framework in Frameworks */,
			);
			runOnlyForDeploymentPostprocessing = 0;
		};
		1DEB40031E030618008BE0B7 /* Frameworks */ = {
			isa = PBXFrameworksBuildPhase;
			buildActionMask = 2147483647;
			files = (
				65512EE1603948A457F8B37E /* Pods_rizzleTests.framework in Frameworks */,
			);
			runOnlyForDeploymentPostprocessing = 0;
		};
/* End PBXFrameworksBuildPhase section */

/* Begin PBXGroup section */
		0E9C2657F581A2C7F6485A3C /* Frameworks */ = {
			isa = PBXGroup;
			children = (
				AFC99776E99BD4D3F81B7E56 /* Pods_rizzle.framework */,
				81DAC87259A91C81BC88BD07 /* Pods_rizzleTests.framework */,
			);
			name = Frameworks;
			sourceTree = "<group>";
		};
		1D8D555F1E047D3300EAB3A0 /* Login */ = {
			isa = PBXGroup;
			children = (
				1D8D55601E047D4C00EAB3A0 /* LoginStart.storyboard */,
				1D57CEE91E034F6700D29B7E /* FirstTimeUserViewController.swift */,
				1DEB3FF41E030618008BE0B7 /* LoginViewController.swift */,
			);
			name = Login;
			sourceTree = "<group>";
		};
		1D8D55621E047E5C00EAB3A0 /* User */ = {
			isa = PBXGroup;
			children = (
				1D8D55631E047E8300EAB3A0 /* User.storyboard */,
				1D57CEE31E033B3100D29B7E /* User.swift */,
				1D57CEE51E033FE400D29B7E /* UserManager.swift */,
				1D57CEE71E034CBD00D29B7E /* UserDashboardViewController.swift */,
			);
			name = User;
			sourceTree = "<group>";
		};
		1D8D55651E04832900EAB3A0 /* Support Files */ = {
			isa = PBXGroup;
			children = (
				1DEB3FF21E030618008BE0B7 /* AppDelegate.swift */,
				1DEB3FFC1E030618008BE0B7 /* Assets.xcassets */,
				1DEB3FFE1E030618008BE0B7 /* LaunchScreen.storyboard */,
				1DEB40011E030618008BE0B7 /* Info.plist */,
				1DEB3FF91E030618008BE0B7 /* rizzle.xcdatamodeld */,
			);
			name = "Support Files";
			sourceTree = "<group>";
		};
		1DEB3FE61E030618008BE0B7 = {
			isa = PBXGroup;
			children = (
				1DEB3FF11E030618008BE0B7 /* rizzle */,
				1DEB40091E030618008BE0B7 /* rizzleTests */,
				1DEB3FF01E030618008BE0B7 /* Products */,
				F8A2DF23116240F70A875D97 /* Pods */,
				0E9C2657F581A2C7F6485A3C /* Frameworks */,
			);
			sourceTree = "<group>";
		};
		1DEB3FF01E030618008BE0B7 /* Products */ = {
			isa = PBXGroup;
			children = (
				1DEB3FEF1E030618008BE0B7 /* rizzle.app */,
				1DEB40061E030618008BE0B7 /* rizzleTests.xctest */,
			);
			name = Products;
			sourceTree = "<group>";
		};
		1DEB3FF11E030618008BE0B7 /* rizzle */ = {
			isa = PBXGroup;
			children = (
				1DEB3FF61E030618008BE0B7 /* Main.storyboard */,
				1D8D555F1E047D3300EAB3A0 /* Login */,
				1D8D55621E047E5C00EAB3A0 /* User */,
				1D8D55651E04832900EAB3A0 /* Support Files */,
			);
			path = rizzle;
			sourceTree = "<group>";
		};
		1DEB40091E030618008BE0B7 /* rizzleTests */ = {
			isa = PBXGroup;
			children = (
				1DEB400A1E030618008BE0B7 /* rizzleTests.swift */,
				1DEB400C1E030618008BE0B7 /* Info.plist */,
			);
			path = rizzleTests;
			sourceTree = "<group>";
		};
		F8A2DF23116240F70A875D97 /* Pods */ = {
			isa = PBXGroup;
			children = (
				8734F78F914DA0D2BC0BD0A5 /* Pods-rizzle.debug.xcconfig */,
				F29E7A163C7CCFBE4820DFEB /* Pods-rizzle.release.xcconfig */,
				A41D9F2620614F6F7567B309 /* Pods-rizzleTests.debug.xcconfig */,
				312A8E9180D6FDC745619B27 /* Pods-rizzleTests.release.xcconfig */,
			);
			name = Pods;
			sourceTree = "<group>";
		};
/* End PBXGroup section */

/* Begin PBXNativeTarget section */
		1DEB3FEE1E030618008BE0B7 /* rizzle */ = {
			isa = PBXNativeTarget;
			buildConfigurationList = 1DEB400F1E030618008BE0B7 /* Build configuration list for PBXNativeTarget "rizzle" */;
			buildPhases = (
				5DC122F522D913BCC2AB4E85 /* [CP] Check Pods Manifest.lock */,
				1DEB3FEB1E030618008BE0B7 /* Sources */,
				1DEB3FEC1E030618008BE0B7 /* Frameworks */,
				1DEB3FED1E030618008BE0B7 /* Resources */,
				522DAA5811713C5E96B012E7 /* [CP] Embed Pods Frameworks */,
				11CBC8CA725B951BDE99CEF9 /* [CP] Copy Pods Resources */,
			);
			buildRules = (
			);
			dependencies = (
			);
			name = rizzle;
			productName = rizzle;
			productReference = 1DEB3FEF1E030618008BE0B7 /* rizzle.app */;
			productType = "com.apple.product-type.application";
		};
		1DEB40051E030618008BE0B7 /* rizzleTests */ = {
			isa = PBXNativeTarget;
			buildConfigurationList = 1DEB40121E030618008BE0B7 /* Build configuration list for PBXNativeTarget "rizzleTests" */;
			buildPhases = (
				7E4C3A7CC2D00C7F150F2E95 /* [CP] Check Pods Manifest.lock */,
				1DEB40021E030618008BE0B7 /* Sources */,
				1DEB40031E030618008BE0B7 /* Frameworks */,
				1DEB40041E030618008BE0B7 /* Resources */,
				B173F84180399526D1AE64B5 /* [CP] Embed Pods Frameworks */,
				AE81E0BF11C94C83D512212F /* [CP] Copy Pods Resources */,
			);
			buildRules = (
			);
			dependencies = (
				1DEB40081E030618008BE0B7 /* PBXTargetDependency */,
			);
			name = rizzleTests;
			productName = rizzleTests;
			productReference = 1DEB40061E030618008BE0B7 /* rizzleTests.xctest */;
			productType = "com.apple.product-type.bundle.unit-test";
		};
/* End PBXNativeTarget section */

/* Begin PBXProject section */
		1DEB3FE71E030618008BE0B7 /* Project object */ = {
			isa = PBXProject;
			attributes = {
				LastSwiftUpdateCheck = 0810;
				LastUpgradeCheck = 0810;
				ORGANIZATIONNAME = "Erin Luu";
				TargetAttributes = {
					1DEB3FEE1E030618008BE0B7 = {
						CreatedOnToolsVersion = 8.1;
						DevelopmentTeam = 6393SND2S6;
						ProvisioningStyle = Automatic;
					};
					1DEB40051E030618008BE0B7 = {
						CreatedOnToolsVersion = 8.1;
						DevelopmentTeam = 6393SND2S6;
						ProvisioningStyle = Automatic;
						TestTargetID = 1DEB3FEE1E030618008BE0B7;
					};
				};
			};
			buildConfigurationList = 1DEB3FEA1E030618008BE0B7 /* Build configuration list for PBXProject "rizzle" */;
			compatibilityVersion = "Xcode 3.2";
			developmentRegion = English;
			hasScannedForEncodings = 0;
			knownRegions = (
				en,
				Base,
			);
			mainGroup = 1DEB3FE61E030618008BE0B7;
			productRefGroup = 1DEB3FF01E030618008BE0B7 /* Products */;
			projectDirPath = "";
			projectRoot = "";
			targets = (
				1DEB3FEE1E030618008BE0B7 /* rizzle */,
				1DEB40051E030618008BE0B7 /* rizzleTests */,
			);
		};
/* End PBXProject section */

/* Begin PBXResourcesBuildPhase section */
		1DEB3FED1E030618008BE0B7 /* Resources */ = {
			isa = PBXResourcesBuildPhase;
			buildActionMask = 2147483647;
			files = (
				1DEB40001E030618008BE0B7 /* LaunchScreen.storyboard in Resources */,
				1D8D55641E047E8300EAB3A0 /* User.storyboard in Resources */,
				1DEB3FFD1E030618008BE0B7 /* Assets.xcassets in Resources */,
				1DEB3FF81E030618008BE0B7 /* Main.storyboard in Resources */,
				1D8D55611E047D4C00EAB3A0 /* LoginStart.storyboard in Resources */,
			);
			runOnlyForDeploymentPostprocessing = 0;
		};
		1DEB40041E030618008BE0B7 /* Resources */ = {
			isa = PBXResourcesBuildPhase;
			buildActionMask = 2147483647;
			files = (
			);
			runOnlyForDeploymentPostprocessing = 0;
		};
/* End PBXResourcesBuildPhase section */

/* Begin PBXShellScriptBuildPhase section */
		11CBC8CA725B951BDE99CEF9 /* [CP] Copy Pods Resources */ = {
			isa = PBXShellScriptBuildPhase;
			buildActionMask = 2147483647;
			files = (
			);
			inputPaths = (
			);
			name = "[CP] Copy Pods Resources";
			outputPaths = (
			);
			runOnlyForDeploymentPostprocessing = 0;
			shellPath = /bin/sh;
			shellScript = "\"${SRCROOT}/Pods/Target Support Files/Pods-rizzle/Pods-rizzle-resources.sh\"\n";
			showEnvVarsInLog = 0;
		};
		522DAA5811713C5E96B012E7 /* [CP] Embed Pods Frameworks */ = {
			isa = PBXShellScriptBuildPhase;
			buildActionMask = 2147483647;
			files = (
			);
			inputPaths = (
			);
			name = "[CP] Embed Pods Frameworks";
			outputPaths = (
			);
			runOnlyForDeploymentPostprocessing = 0;
			shellPath = /bin/sh;
			shellScript = "\"${SRCROOT}/Pods/Target Support Files/Pods-rizzle/Pods-rizzle-frameworks.sh\"\n";
			showEnvVarsInLog = 0;
		};
		5DC122F522D913BCC2AB4E85 /* [CP] Check Pods Manifest.lock */ = {
			isa = PBXShellScriptBuildPhase;
			buildActionMask = 2147483647;
			files = (
			);
			inputPaths = (
			);
			name = "[CP] Check Pods Manifest.lock";
			outputPaths = (
			);
			runOnlyForDeploymentPostprocessing = 0;
			shellPath = /bin/sh;
			shellScript = "diff \"${PODS_ROOT}/../Podfile.lock\" \"${PODS_ROOT}/Manifest.lock\" > /dev/null\nif [ $? != 0 ] ; then\n    # print error to STDERR\n    echo \"error: The sandbox is not in sync with the Podfile.lock. Run 'pod install' or update your CocoaPods installation.\" >&2\n    exit 1\nfi\n";
			showEnvVarsInLog = 0;
		};
		7E4C3A7CC2D00C7F150F2E95 /* [CP] Check Pods Manifest.lock */ = {
			isa = PBXShellScriptBuildPhase;
			buildActionMask = 2147483647;
			files = (
			);
			inputPaths = (
			);
			name = "[CP] Check Pods Manifest.lock";
			outputPaths = (
			);
			runOnlyForDeploymentPostprocessing = 0;
			shellPath = /bin/sh;
			shellScript = "diff \"${PODS_ROOT}/../Podfile.lock\" \"${PODS_ROOT}/Manifest.lock\" > /dev/null\nif [ $? != 0 ] ; then\n    # print error to STDERR\n    echo \"error: The sandbox is not in sync with the Podfile.lock. Run 'pod install' or update your CocoaPods installation.\" >&2\n    exit 1\nfi\n";
			showEnvVarsInLog = 0;
		};
		AE81E0BF11C94C83D512212F /* [CP] Copy Pods Resources */ = {
			isa = PBXShellScriptBuildPhase;
			buildActionMask = 2147483647;
			files = (
			);
			inputPaths = (
			);
			name = "[CP] Copy Pods Resources";
			outputPaths = (
			);
			runOnlyForDeploymentPostprocessing = 0;
			shellPath = /bin/sh;
			shellScript = "\"${SRCROOT}/Pods/Target Support Files/Pods-rizzleTests/Pods-rizzleTests-resources.sh\"\n";
			showEnvVarsInLog = 0;
		};
		B173F84180399526D1AE64B5 /* [CP] Embed Pods Frameworks */ = {
			isa = PBXShellScriptBuildPhase;
			buildActionMask = 2147483647;
			files = (
			);
			inputPaths = (
			);
			name = "[CP] Embed Pods Frameworks";
			outputPaths = (
			);
			runOnlyForDeploymentPostprocessing = 0;
			shellPath = /bin/sh;
			shellScript = "\"${SRCROOT}/Pods/Target Support Files/Pods-rizzleTests/Pods-rizzleTests-frameworks.sh\"\n";
			showEnvVarsInLog = 0;
		};
/* End PBXShellScriptBuildPhase section */

/* Begin PBXSourcesBuildPhase section */
		1DEB3FEB1E030618008BE0B7 /* Sources */ = {
			isa = PBXSourcesBuildPhase;
			buildActionMask = 2147483647;
			files = (
				1D57CEE81E034CBD00D29B7E /* UserDashboardViewController.swift in Sources */,
				1D57CEE41E033B3100D29B7E /* User.swift in Sources */,
				1DEB3FF51E030618008BE0B7 /* LoginViewController.swift in Sources */,
				1DEB3FFB1E030618008BE0B7 /* rizzle.xcdatamodeld in Sources */,
				1D57CEE61E033FE400D29B7E /* UserManager.swift in Sources */,
				1DEB3FF31E030618008BE0B7 /* AppDelegate.swift in Sources */,
				1D57CEEA1E034F6700D29B7E /* FirstTimeUserViewController.swift in Sources */,
			);
			runOnlyForDeploymentPostprocessing = 0;
		};
		1DEB40021E030618008BE0B7 /* Sources */ = {
			isa = PBXSourcesBuildPhase;
			buildActionMask = 2147483647;
			files = (
				1DEB400B1E030618008BE0B7 /* rizzleTests.swift in Sources */,
			);
			runOnlyForDeploymentPostprocessing = 0;
		};
/* End PBXSourcesBuildPhase section */

/* Begin PBXTargetDependency section */
		1DEB40081E030618008BE0B7 /* PBXTargetDependency */ = {
			isa = PBXTargetDependency;
			target = 1DEB3FEE1E030618008BE0B7 /* rizzle */;
			targetProxy = 1DEB40071E030618008BE0B7 /* PBXContainerItemProxy */;
		};
/* End PBXTargetDependency section */

/* Begin PBXVariantGroup section */
		1DEB3FF61E030618008BE0B7 /* Main.storyboard */ = {
			isa = PBXVariantGroup;
			children = (
				1DEB3FF71E030618008BE0B7 /* Base */,
			);
			name = Main.storyboard;
			sourceTree = "<group>";
		};
		1DEB3FFE1E030618008BE0B7 /* LaunchScreen.storyboard */ = {
			isa = PBXVariantGroup;
			children = (
				1DEB3FFF1E030618008BE0B7 /* Base */,
			);
			name = LaunchScreen.storyboard;
			sourceTree = "<group>";
		};
/* End PBXVariantGroup section */

/* Begin XCBuildConfiguration section */
		1DEB400D1E030618008BE0B7 /* Debug */ = {
			isa = XCBuildConfiguration;
			buildSettings = {
				ALWAYS_SEARCH_USER_PATHS = NO;
				CLANG_ANALYZER_NONNULL = YES;
				CLANG_CXX_LANGUAGE_STANDARD = "gnu++0x";
				CLANG_CXX_LIBRARY = "libc++";
				CLANG_ENABLE_MODULES = YES;
				CLANG_ENABLE_OBJC_ARC = YES;
				CLANG_WARN_BOOL_CONVERSION = YES;
				CLANG_WARN_CONSTANT_CONVERSION = YES;
				CLANG_WARN_DIRECT_OBJC_ISA_USAGE = YES_ERROR;
				CLANG_WARN_DOCUMENTATION_COMMENTS = YES;
				CLANG_WARN_EMPTY_BODY = YES;
				CLANG_WARN_ENUM_CONVERSION = YES;
				CLANG_WARN_INFINITE_RECURSION = YES;
				CLANG_WARN_INT_CONVERSION = YES;
				CLANG_WARN_OBJC_ROOT_CLASS = YES_ERROR;
				CLANG_WARN_SUSPICIOUS_MOVES = YES;
				CLANG_WARN_UNREACHABLE_CODE = YES;
				CLANG_WARN__DUPLICATE_METHOD_MATCH = YES;
				"CODE_SIGN_IDENTITY[sdk=iphoneos*]" = "iPhone Developer";
				COPY_PHASE_STRIP = NO;
				DEBUG_INFORMATION_FORMAT = dwarf;
				ENABLE_STRICT_OBJC_MSGSEND = YES;
				ENABLE_TESTABILITY = YES;
				GCC_C_LANGUAGE_STANDARD = gnu99;
				GCC_DYNAMIC_NO_PIC = NO;
				GCC_NO_COMMON_BLOCKS = YES;
				GCC_OPTIMIZATION_LEVEL = 0;
				GCC_PREPROCESSOR_DEFINITIONS = (
					"DEBUG=1",
					"$(inherited)",
				);
				GCC_WARN_64_TO_32_BIT_CONVERSION = YES;
				GCC_WARN_ABOUT_RETURN_TYPE = YES_ERROR;
				GCC_WARN_UNDECLARED_SELECTOR = YES;
				GCC_WARN_UNINITIALIZED_AUTOS = YES_AGGRESSIVE;
				GCC_WARN_UNUSED_FUNCTION = YES;
				GCC_WARN_UNUSED_VARIABLE = YES;
				IPHONEOS_DEPLOYMENT_TARGET = 10.1;
				MTL_ENABLE_DEBUG_INFO = YES;
				ONLY_ACTIVE_ARCH = YES;
				SDKROOT = iphoneos;
				SWIFT_ACTIVE_COMPILATION_CONDITIONS = DEBUG;
				SWIFT_OPTIMIZATION_LEVEL = "-Onone";
				TARGETED_DEVICE_FAMILY = "1,2";
			};
			name = Debug;
		};
		1DEB400E1E030618008BE0B7 /* Release */ = {
			isa = XCBuildConfiguration;
			buildSettings = {
				ALWAYS_SEARCH_USER_PATHS = NO;
				CLANG_ANALYZER_NONNULL = YES;
				CLANG_CXX_LANGUAGE_STANDARD = "gnu++0x";
				CLANG_CXX_LIBRARY = "libc++";
				CLANG_ENABLE_MODULES = YES;
				CLANG_ENABLE_OBJC_ARC = YES;
				CLANG_WARN_BOOL_CONVERSION = YES;
				CLANG_WARN_CONSTANT_CONVERSION = YES;
				CLANG_WARN_DIRECT_OBJC_ISA_USAGE = YES_ERROR;
				CLANG_WARN_DOCUMENTATION_COMMENTS = YES;
				CLANG_WARN_EMPTY_BODY = YES;
				CLANG_WARN_ENUM_CONVERSION = YES;
				CLANG_WARN_INFINITE_RECURSION = YES;
				CLANG_WARN_INT_CONVERSION = YES;
				CLANG_WARN_OBJC_ROOT_CLASS = YES_ERROR;
				CLANG_WARN_SUSPICIOUS_MOVES = YES;
				CLANG_WARN_UNREACHABLE_CODE = YES;
				CLANG_WARN__DUPLICATE_METHOD_MATCH = YES;
				"CODE_SIGN_IDENTITY[sdk=iphoneos*]" = "iPhone Developer";
				COPY_PHASE_STRIP = NO;
				DEBUG_INFORMATION_FORMAT = "dwarf-with-dsym";
				ENABLE_NS_ASSERTIONS = NO;
				ENABLE_STRICT_OBJC_MSGSEND = YES;
				GCC_C_LANGUAGE_STANDARD = gnu99;
				GCC_NO_COMMON_BLOCKS = YES;
				GCC_WARN_64_TO_32_BIT_CONVERSION = YES;
				GCC_WARN_ABOUT_RETURN_TYPE = YES_ERROR;
				GCC_WARN_UNDECLARED_SELECTOR = YES;
				GCC_WARN_UNINITIALIZED_AUTOS = YES_AGGRESSIVE;
				GCC_WARN_UNUSED_FUNCTION = YES;
				GCC_WARN_UNUSED_VARIABLE = YES;
				IPHONEOS_DEPLOYMENT_TARGET = 10.1;
				MTL_ENABLE_DEBUG_INFO = NO;
				SDKROOT = iphoneos;
				SWIFT_OPTIMIZATION_LEVEL = "-Owholemodule";
				TARGETED_DEVICE_FAMILY = "1,2";
				VALIDATE_PRODUCT = YES;
			};
			name = Release;
		};
		1DEB40101E030618008BE0B7 /* Debug */ = {
			isa = XCBuildConfiguration;
			baseConfigurationReference = 8734F78F914DA0D2BC0BD0A5 /* Pods-rizzle.debug.xcconfig */;
			buildSettings = {
				ASSETCATALOG_COMPILER_APPICON_NAME = AppIcon;
				DEVELOPMENT_TEAM = 6393SND2S6;
				INFOPLIST_FILE = rizzle/Info.plist;
				LD_RUNPATH_SEARCH_PATHS = "$(inherited) @executable_path/Frameworks";
				PRODUCT_BUNDLE_IDENTIFIER = com.tsuzuna.rizzle;
				PRODUCT_NAME = "$(TARGET_NAME)";
				SWIFT_VERSION = 3.0;
			};
			name = Debug;
		};
		1DEB40111E030618008BE0B7 /* Release */ = {
			isa = XCBuildConfiguration;
			baseConfigurationReference = F29E7A163C7CCFBE4820DFEB /* Pods-rizzle.release.xcconfig */;
			buildSettings = {
				ASSETCATALOG_COMPILER_APPICON_NAME = AppIcon;
				DEVELOPMENT_TEAM = 6393SND2S6;
				INFOPLIST_FILE = rizzle/Info.plist;
				LD_RUNPATH_SEARCH_PATHS = "$(inherited) @executable_path/Frameworks";
				PRODUCT_BUNDLE_IDENTIFIER = com.tsuzuna.rizzle;
				PRODUCT_NAME = "$(TARGET_NAME)";
				SWIFT_VERSION = 3.0;
			};
			name = Release;
		};
		1DEB40131E030618008BE0B7 /* Debug */ = {
			isa = XCBuildConfiguration;
			baseConfigurationReference = A41D9F2620614F6F7567B309 /* Pods-rizzleTests.debug.xcconfig */;
			buildSettings = {
				ALWAYS_EMBED_SWIFT_STANDARD_LIBRARIES = YES;
				BUNDLE_LOADER = "$(TEST_HOST)";
				DEVELOPMENT_TEAM = 6393SND2S6;
				INFOPLIST_FILE = rizzleTests/Info.plist;
				LD_RUNPATH_SEARCH_PATHS = "$(inherited) @executable_path/Frameworks @loader_path/Frameworks";
				PRODUCT_BUNDLE_IDENTIFIER = com.tsuzuna.rizzleTests;
				PRODUCT_NAME = "$(TARGET_NAME)";
				SWIFT_VERSION = 3.0;
				TEST_HOST = "$(BUILT_PRODUCTS_DIR)/rizzle.app/rizzle";
			};
			name = Debug;
		};
		1DEB40141E030618008BE0B7 /* Release */ = {
			isa = XCBuildConfiguration;
			baseConfigurationReference = 312A8E9180D6FDC745619B27 /* Pods-rizzleTests.release.xcconfig */;
			buildSettings = {
				ALWAYS_EMBED_SWIFT_STANDARD_LIBRARIES = YES;
				BUNDLE_LOADER = "$(TEST_HOST)";
				DEVELOPMENT_TEAM = 6393SND2S6;
				INFOPLIST_FILE = rizzleTests/Info.plist;
				LD_RUNPATH_SEARCH_PATHS = "$(inherited) @executable_path/Frameworks @loader_path/Frameworks";
				PRODUCT_BUNDLE_IDENTIFIER = com.tsuzuna.rizzleTests;
				PRODUCT_NAME = "$(TARGET_NAME)";
				SWIFT_VERSION = 3.0;
				TEST_HOST = "$(BUILT_PRODUCTS_DIR)/rizzle.app/rizzle";
			};
			name = Release;
		};
/* End XCBuildConfiguration section */

/* Begin XCConfigurationList section */
		1DEB3FEA1E030618008BE0B7 /* Build configuration list for PBXProject "rizzle" */ = {
			isa = XCConfigurationList;
			buildConfigurations = (
				1DEB400D1E030618008BE0B7 /* Debug */,
				1DEB400E1E030618008BE0B7 /* Release */,
			);
			defaultConfigurationIsVisible = 0;
			defaultConfigurationName = Release;
		};
		1DEB400F1E030618008BE0B7 /* Build configuration list for PBXNativeTarget "rizzle" */ = {
			isa = XCConfigurationList;
			buildConfigurations = (
				1DEB40101E030618008BE0B7 /* Debug */,
				1DEB40111E030618008BE0B7 /* Release */,
			);
			defaultConfigurationIsVisible = 0;
			defaultConfigurationName = Release;
		};
		1DEB40121E030618008BE0B7 /* Build configuration list for PBXNativeTarget "rizzleTests" */ = {
			isa = XCConfigurationList;
			buildConfigurations = (
				1DEB40131E030618008BE0B7 /* Debug */,
				1DEB40141E030618008BE0B7 /* Release */,
			);
			defaultConfigurationIsVisible = 0;
			defaultConfigurationName = Release;
		};
/* End XCConfigurationList section */

/* Begin XCVersionGroup section */
		1DEB3FF91E030618008BE0B7 /* rizzle.xcdatamodeld */ = {
			isa = XCVersionGroup;
			children = (
				1DEB3FFA1E030618008BE0B7 /* rizzle.xcdatamodel */,
			);
			currentVersion = 1DEB3FFA1E030618008BE0B7 /* rizzle.xcdatamodel */;
			path = rizzle.xcdatamodeld;
			sourceTree = "<group>";
			versionGroupType = wrapper.xcdatamodel;
		};
/* End XCVersionGroup section */
	};
	rootObject = 1DEB3FE71E030618008BE0B7 /* Project object */;
}
